
Microsoft Visual Studio Solution File, Format Version 12.00
# Visual Studio Version 16
VisualStudioVersion = 16.0.31321.278
MinimumVisualStudioVersion = 10.0.40219.1
Project("{FAE04EC0-301F-11D3-BF4B-00C04F79EFBC}") = "CovidTrackerForms.Android", "CovidTrackerForms\CovidTrackerForms.Android\CovidTrackerForms.Android.csproj", "{4D658318-EC1E-4565-9728-7FAA715A7BA5}"
EndProject
Project("{FAE04EC0-301F-11D3-BF4B-00C04F79EFBC}") = "CovidTrackerForms.iOS", "CovidTrackerForms\CovidTrackerForms.iOS\CovidTrackerForms.iOS.csproj", "{EC2C63B5-544B-4D34-A09A-97C9F28B6C90}"
EndProject
Project("{FAE04EC0-301F-11D3-BF4B-00C04F79EFBC}") = "CovidTrackerForms", "CovidTrackerForms\CovidTrackerForms\CovidTrackerForms.csproj", "{4A7CE426-AE8C-4D1B-B7DD-241D3C1D47E5}"
EndProject
Global
	GlobalSection(SolutionConfigurationPlatforms) = preSolution
		Debug|Any CPU = Debug|Any CPU
		Debug|iPhone = Debug|iPhone
		Debug|iPhoneSimulator = Debug|iPhoneSimulator
		Release|Any CPU = Release|Any CPU
		Release|iPhone = Release|iPhone
		Release|iPhoneSimulator = Release|iPhoneSimulator
	EndGlobalSection
	GlobalSection(ProjectConfigurationPlatforms) = postSolution
		{4D658318-EC1E-4565-9728-7FAA715A7BA5}.Debug|Any CPU.ActiveCfg = Debug|Any CPU
		{4D658318-EC1E-4565-9728-7FAA715A7BA5}.Debug|Any CPU.Build.0 = Debug|Any CPU
		{4D658318-EC1E-4565-9728-7FAA715A7BA5}.Debug|Any CPU.Deploy.0 = Debug|Any CPU
		{4D658318-EC1E-4565-9728-7FAA715A7BA5}.Debug|iPhone.ActiveCfg = Debug|Any CPU
		{4D658318-EC1E-4565-9728-7FAA715A7BA5}.Debug|iPhone.Build.0 = Debug|Any CPU
		{4D658318-EC1E-4565-9728-7FAA715A7BA5}.Debug|iPhone.Deploy.0 = Debug|Any CPU
		{4D658318-EC1E-4565-9728-7FAA715A7BA5}.Debug|iPhoneSimulator.ActiveCfg = Debug|Any CPU
		{4D658318-EC1E-4565-9728-7FAA715A7BA5}.Debug|iPhoneSimulator.Build.0 = Debug|Any CPU
		{4D658318-EC1E-4565-9728-7FAA715A7BA5}.Debug|iPhoneSimulator.Deploy.0 = Debug|Any CPU
		{4D658318-EC1E-4565-9728-7FAA715A7BA5}.Release|Any CPU.ActiveCfg = Release|Any CPU
		{4D658318-EC1E-4565-9728-7FAA715A7BA5}.Release|Any CPU.Build.0 = Release|Any CPU
		{4D658318-EC1E-4565-9728-7FAA715A7BA5}.Release|Any CPU.Deploy.0 = Release|Any CPU
		{4D658318-EC1E-4565-9728-7FAA715A7BA5}.Release|iPhone.ActiveCfg = Release|Any CPU
		{4D658318-EC1E-4565-9728-7FAA715A7BA5}.Release|iPhone.Build.0 = Release|Any CPU
		{4D658318-EC1E-4565-9728-7FAA715A7BA5}.Release|iPhone.Deploy.0 = Release|Any CPU
		{4D658318-EC1E-4565-9728-7FAA715A7BA5}.Release|iPhoneSimulator.ActiveCfg = Release|Any CPU
		{4D658318-EC1E-4565-9728-7FAA715A7BA5}.Release|iPhoneSimulator.Build.0 = Release|Any CPU
		{4D658318-EC1E-4565-9728-7FAA715A7BA5}.Release|iPhoneSimulator.Deploy.0 = Release|Any CPU
		{EC2C63B5-544B-4D34-A09A-97C9F28B6C90}.Debug|Any CPU.ActiveCfg = Debug|iPhone
		{EC2C63B5-544B-4D34-A09A-97C9F28B6C90}.Debug|Any CPU.Build.0 = Debug|iPhone
		{EC2C63B5-544B-4D34-A09A-97C9F28B6C90}.Debug|Any CPU.Deploy.0 = Debug|iPhone
		{EC2C63B5-544B-4D34-A09A-97C9F28B6C90}.Debug|iPhone.ActiveCfg = Debug|iPhone
		{EC2C63B5-544B-4D34-A09A-97C9F28B6C90}.Debug|iPhone.Build.0 = Debug|iPhone
		{EC2C63B5-544B-4D34-A09A-97C9F28B6C90}.Debug|iPhone.Deploy.0 = Debug|iPhone
		{EC2C63B5-544B-4D34-A09A-97C9F28B6C90}.Debug|iPhoneSimulator.ActiveCfg = Debug|iPhoneSimulator
		{EC2C63B5-544B-4D34-A09A-97C9F28B6C90}.Debug|iPhoneSimulator.Build.0 = Debug|iPhoneSimulator
		{EC2C63B5-544B-4D34-A09A-97C9F28B6C90}.Debug|iPhoneSimulator.Deploy.0 = Debug|iPhoneSimulator
		{EC2C63B5-544B-4D34-A09A-97C9F28B6C90}.Release|Any CPU.ActiveCfg = Release|iPhoneSimulator
		{EC2C63B5-544B-4D34-A09A-97C9F28B6C90}.Release|Any CPU.Build.0 = Release|iPhoneSimulator
		{EC2C63B5-544B-4D34-A09A-97C9F28B6C90}.Release|Any CPU.Deploy.0 = Release|iPhoneSimulator
		{EC2C63B5-544B-4D34-A09A-97C9F28B6C90}.Release|iPhone.ActiveCfg = Release|iPhone
		{EC2C63B5-544B-4D34-A09A-97C9F28B6C90}.Release|iPhone.Build.0 = Release|iPhone
		{EC2C63B5-544B-4D34-A09A-97C9F28B6C90}.Release|iPhone.Deploy.0 = Release|iPhone
		{EC2C63B5-544B-4D34-A09A-97C9F28B6C90}.Release|iPhoneSimulator.ActiveCfg = Release|iPhoneSimulator
		{EC2C63B5-544B-4D34-A09A-97C9F28B6C90}.Release|iPhoneSimulator.Build.0 = Release|iPhoneSimulator
		{EC2C63B5-544B-4D34-A09A-97C9F28B6C90}.Release|iPhoneSimulator.Deploy.0 = Release|iPhoneSimulator
		{4A7CE426-AE8C-4D1B-B7DD-241D3C1D47E5}.Debug|Any CPU.ActiveCfg = Debug|Any CPU
		{4A7CE426-AE8C-4D1B-B7DD-241D3C1D47E5}.Debug|Any CPU.Build.0 = Debug|Any CPU
		{4A7CE426-AE8C-4D1B-B7DD-241D3C1D47E5}.Debug|Any CPU.Deploy.0 = Debug|Any CPU
		{4A7CE426-AE8C-4D1B-B7DD-241D3C1D47E5}.Debug|iPhone.ActiveCfg = Debug|Any CPU
		{4A7CE426-AE8C-4D1B-B7DD-241D3C1D47E5}.Debug|iPhone.Build.0 = Debug|Any CPU
		{4A7CE426-AE8C-4D1B-B7DD-241D3C1D47E5}.Debug|iPhone.Deploy.0 = Debug|Any CPU
		{4A7CE426-AE8C-4D1B-B7DD-241D3C1D47E5}.Debug|iPhoneSimulator.ActiveCfg = Debug|Any CPU
		{4A7CE426-AE8C-4D1B-B7DD-241D3C1D47E5}.Debug|iPhoneSimulator.Build.0 = Debug|Any CPU
		{4A7CE426-AE8C-4D1B-B7DD-241D3C1D47E5}.Debug|iPhoneSimulator.Deploy.0 = Debug|Any CPU
		{4A7CE426-AE8C-4D1B-B7DD-241D3C1D47E5}.Release|Any CPU.ActiveCfg = Release|Any CPU
		{4A7CE426-AE8C-4D1B-B7DD-241D3C1D47E5}.Release|Any CPU.Build.0 = Release|Any CPU
		{4A7CE426-AE8C-4D1B-B7DD-241D3C1D47E5}.Release|Any CPU.Deploy.0 = Release|Any CPU
		{4A7CE426-AE8C-4D1B-B7DD-241D3C1D47E5}.Release|iPhone.ActiveCfg = Release|Any CPU
		{4A7CE426-AE8C-4D1B-B7DD-241D3C1D47E5}.Release|iPhone.Build.0 = Release|Any CPU
		{4A7CE426-AE8C-4D1B-B7DD-241D3C1D47E5}.Release|iPhone.Deploy.0 = Release|Any CPU
		{4A7CE426-AE8C-4D1B-B7DD-241D3C1D47E5}.Release|iPhoneSimulator.ActiveCfg = Release|Any CPU
		{4A7CE426-AE8C-4D1B-B7DD-241D3C1D47E5}.Release|iPhoneSimulator.Build.0 = Release|Any CPU
		{4A7CE426-AE8C-4D1B-B7DD-241D3C1D47E5}.Release|iPhoneSimulator.Deploy.0 = Release|Any CPU
	EndGlobalSection
	GlobalSection(SolutionProperties) = preSolution
		HideSolutionNode = FALSE
	EndGlobalSection
	GlobalSection(ExtensibilityGlobals) = postSolution
		SolutionGuid = {580E3509-37ED-4405-99C0-1617522CEB9F}
	EndGlobalSection
EndGlobal
